{
	"requires": true,
	"lockfileVersion": 1,
	"dependencies": {
		"accepts": {
			"version": "1.3.3",
			"resolved": "https://registry.npmjs.org/accepts/-/accepts-1.3.3.tgz",
			"integrity": "sha1-w8p0NJOGSMPg2cHjKN1otiLChMo=",
			"requires": {
				"mime-types": "2.1.16",
				"negotiator": "0.6.1"
			}
		},
		"array-flatten": {
			"version": "1.1.1",
			"resolved": "https://registry.npmjs.org/array-flatten/-/array-flatten-1.1.1.tgz",
			"integrity": "sha1-ml9pkFGx5wczKPKgCJaLZOopVdI="
		},
		"asap": {
			"version": "2.0.6",
			"resolved": "https://registry.npmjs.org/asap/-/asap-2.0.6.tgz",
			"integrity": "sha1-5QNHYR1+aQlDIIu9r+vLwvuGbUY="
		},
		"babel-polyfill": {
			"version": "6.23.0",
			"resolved": "https://registry.npmjs.org/babel-polyfill/-/babel-polyfill-6.23.0.tgz",
			"integrity": "sha1-g2TKYt+Or7gwSZ9pkXdGbDsDSZ0=",
			"requires": {
				"babel-runtime": "6.25.0",
				"core-js": "2.5.0",
				"regenerator-runtime": "0.10.5"
			},
			"dependencies": {
				"core-js": {
					"version": "2.5.0",
					"resolved": "https://registry.npmjs.org/core-js/-/core-js-2.5.0.tgz",
					"integrity": "sha1-VpwFCRi+ZIazg3VSAorgRmtxcIY="
				}
			}
		},
		"babel-runtime": {
			"version": "6.25.0",
			"resolved": "https://registry.npmjs.org/babel-runtime/-/babel-runtime-6.25.0.tgz",
			"integrity": "sha1-M7mOql1IK7AajRqmtDetKwGuxBw=",
			"requires": {
				"core-js": "2.5.0",
				"regenerator-runtime": "0.10.5"
			},
			"dependencies": {
				"core-js": {
					"version": "2.5.0",
					"resolved": "https://registry.npmjs.org/core-js/-/core-js-2.5.0.tgz",
					"integrity": "sha1-VpwFCRi+ZIazg3VSAorgRmtxcIY="
				}
			}
		},
		"brcast": {
			"version": "2.0.2",
			"resolved": "https://registry.npmjs.org/brcast/-/brcast-2.0.2.tgz",
			"integrity": "sha512-Tfn5JSE7hrUlFcOoaLzVvkbgIemIorMIyoMr3TgvszWW7jFt2C9PdeMLtysYD9RU0MmU17b69+XJG1eRY2OBRg=="
		},
		"chain-function": {
			"version": "1.0.0",
			"resolved": "https://registry.npmjs.org/chain-function/-/chain-function-1.0.0.tgz",
			"integrity": "sha1-DUqzfn4Y6tC9xHuSB2QRjOWHM9w="
		},
		"change-emitter": {
			"version": "0.1.6",
			"resolved": "https://registry.npmjs.org/change-emitter/-/change-emitter-0.1.6.tgz",
			"integrity": "sha1-6LL+PX8at9aaMhma/5HqaTFAlRU="
		},
		"classnames": {
			"version": "2.2.5",
			"resolved": "https://registry.npmjs.org/classnames/-/classnames-2.2.5.tgz",
			"integrity": "sha1-+zgB1FNGdknvNgPH1hoCvRKb3m0="
		},
		"content-disposition": {
			"version": "0.5.2",
			"resolved": "https://registry.npmjs.org/content-disposition/-/content-disposition-0.5.2.tgz",
			"integrity": "sha1-DPaLud318r55YcOoUXjLhdunjLQ="
		},
		"content-type": {
			"version": "1.0.2",
			"resolved": "https://registry.npmjs.org/content-type/-/content-type-1.0.2.tgz",
			"integrity": "sha1-t9ETrueo3Se9IRM8TcJSnfFyHu0="
		},
		"cookie": {
			"version": "0.3.1",
			"resolved": "https://registry.npmjs.org/cookie/-/cookie-0.3.1.tgz",
			"integrity": "sha1-5+Ch+e9DtMi6klxcWpboBtFoc7s="
		},
		"cookie-signature": {
			"version": "1.0.6",
			"resolved": "https://registry.npmjs.org/cookie-signature/-/cookie-signature-1.0.6.tgz",
			"integrity": "sha1-4wOogrNCzD7oylE6eZmXNNqzriw="
		},
		"core-js": {
			"version": "1.2.7",
			"resolved": "https://registry.npmjs.org/core-js/-/core-js-1.2.7.tgz",
			"integrity": "sha1-ZSKUwUZR2yj6k70tX/KYOk8IxjY="
		},
		"create-react-class": {
			"version": "15.6.0",
			"resolved": "https://registry.npmjs.org/create-react-class/-/create-react-class-15.6.0.tgz",
			"integrity": "sha1-q0SEl8JlZuHilBPogyB9V8/nvtQ=",
			"requires": {
				"fbjs": "0.8.14",
				"loose-envify": "1.3.1",
				"object-assign": "4.1.1"
			}
		},
		"css-vendor": {
			"version": "0.3.8",
			"resolved": "https://registry.npmjs.org/css-vendor/-/css-vendor-0.3.8.tgz",
			"integrity": "sha1-ZCHP0wNM5mT+dnOXL9ARn8KJQfo=",
			"requires": {
				"is-in-browser": "1.1.3"
			}
		},
		"debug": {
			"version": "2.6.7",
			"resolved": "https://registry.npmjs.org/debug/-/debug-2.6.7.tgz",
			"integrity": "sha1-krrR9tBbu2u6Isyoi80OyJTChh4=",
			"requires": {
				"ms": "2.0.0"
			}
		},
		"deep-diff": {
			"version": "0.3.8",
			"resolved": "https://registry.npmjs.org/deep-diff/-/deep-diff-0.3.8.tgz",
			"integrity": "sha1-wB3mPvsO7JeYgB1Ax+Da4ltYLIQ="
		},
		"deepmerge": {
			"version": "1.5.0",
			"resolved": "https://registry.npmjs.org/deepmerge/-/deepmerge-1.5.0.tgz",
			"integrity": "sha512-Hm4+NyDQGgH3oYhKqR0gd99veBBZpnEUNoEfFl+3PRkQL+LKGJEBgqimeofAWzUn6aBzcaYPJrRigto/WfDzTg=="
		},
		"depd": {
			"version": "1.1.1",
			"resolved": "https://registry.npmjs.org/depd/-/depd-1.1.1.tgz",
			"integrity": "sha1-V4O04cRZ8G+lyif5kfPQbnoxA1k="
		},
		"destroy": {
			"version": "1.0.4",
			"resolved": "https://registry.npmjs.org/destroy/-/destroy-1.0.4.tgz",
			"integrity": "sha1-l4hXRCxEdJ5CBmE+N5RiBYJqvYA="
		},
		"dom-helpers": {
			"version": "3.2.1",
			"resolved": "https://registry.npmjs.org/dom-helpers/-/dom-helpers-3.2.1.tgz",
			"integrity": "sha1-MgPgf+0he9H0JLAZc1WC/Deyglo="
		},
		"dom-walk": {
			"version": "0.1.1",
			"resolved": "https://registry.npmjs.org/dom-walk/-/dom-walk-0.1.1.tgz",
			"integrity": "sha1-ZyIm3HTI95mtNTB9+TaroRrNYBg="
		},
		"ee-first": {
			"version": "1.1.1",
			"resolved": "https://registry.npmjs.org/ee-first/-/ee-first-1.1.1.tgz",
			"integrity": "sha1-WQxhFWsK4vTwJVcyoViyZrxWsh0="
		},
		"encodeurl": {
			"version": "1.0.1",
			"resolved": "https://registry.npmjs.org/encodeurl/-/encodeurl-1.0.1.tgz",
			"integrity": "sha1-eePVhlU0aQn+bw9Fpd5oEDspTSA="
		},
		"encoding": {
			"version": "0.1.12",
			"resolved": "https://registry.npmjs.org/encoding/-/encoding-0.1.12.tgz",
			"integrity": "sha1-U4tm8+5izRq1HsMjgp0flIDHS+s=",
			"requires": {
				"iconv-lite": "0.4.18"
			}
		},
		"escape-html": {
			"version": "1.0.3",
			"resolved": "https://registry.npmjs.org/escape-html/-/escape-html-1.0.3.tgz",
			"integrity": "sha1-Aljq5NPQwJdN4cFpGI7wBR0dGYg="
		},
		"etag": {
			"version": "1.8.0",
			"resolved": "https://registry.npmjs.org/etag/-/etag-1.8.0.tgz",
			"integrity": "sha1-b2Ma7zNtbEY2K1F2QETOIWvjwFE="
		},
		"express": {
			"version": "4.15.3",
			"resolved": "https://registry.npmjs.org/express/-/express-4.15.3.tgz",
			"integrity": "sha1-urZdDwOqgMNYQIly/HAPkWlEtmI=",
			"requires": {
				"accepts": "1.3.3",
				"array-flatten": "1.1.1",
				"content-disposition": "0.5.2",
				"content-type": "1.0.2",
				"cookie": "0.3.1",
				"cookie-signature": "1.0.6",
				"debug": "2.6.7",
				"depd": "1.1.1",
				"encodeurl": "1.0.1",
				"escape-html": "1.0.3",
				"etag": "1.8.0",
				"finalhandler": "1.0.4",
				"fresh": "0.5.0",
				"merge-descriptors": "1.0.1",
				"methods": "1.1.2",
				"on-finished": "2.3.0",
				"parseurl": "1.3.1",
				"path-to-regexp": "0.1.7",
				"proxy-addr": "1.1.5",
				"qs": "6.4.0",
				"range-parser": "1.2.0",
				"send": "0.15.3",
				"serve-static": "1.12.3",
				"setprototypeof": "1.0.3",
				"statuses": "1.3.1",
				"type-is": "1.6.15",
				"utils-merge": "1.0.0",
				"vary": "1.1.1"
			}
		},
		"express-unless": {
			"version": "0.3.1",
			"resolved": "https://registry.npmjs.org/express-unless/-/express-unless-0.3.1.tgz",
			"integrity": "sha1-JVfBRudb65A+LSR/m1ugFFJpbiA="
		},
		"fbjs": {
			"version": "0.8.14",
			"resolved": "https://registry.npmjs.org/fbjs/-/fbjs-0.8.14.tgz",
			"integrity": "sha1-0dviviVMNakeCfMfnNUKQLKg7Rw=",
			"requires": {
				"core-js": "1.2.7",
				"isomorphic-fetch": "2.2.1",
				"loose-envify": "1.3.1",
				"object-assign": "4.1.1",
				"promise": "7.3.1",
				"setimmediate": "1.0.5",
				"ua-parser-js": "0.7.14"
			}
		},
		"finalhandler": {
			"version": "1.0.4",
			"resolved": "https://registry.npmjs.org/finalhandler/-/finalhandler-1.0.4.tgz",
			"integrity": "sha512-16l/r8RgzlXKmFOhZpHBztvye+lAhC5SU7hXavnerC9UfZqZxxXl3BzL8MhffPT3kF61lj9Oav2LKEzh0ei7tg==",
			"requires": {
				"debug": "2.6.8",
				"encodeurl": "1.0.1",
				"escape-html": "1.0.3",
				"on-finished": "2.3.0",
				"parseurl": "1.3.1",
				"statuses": "1.3.1",
				"unpipe": "1.0.0"
			},
			"dependencies": {
				"debug": {
					"version": "2.6.8",
					"resolved": "https://registry.npmjs.org/debug/-/debug-2.6.8.tgz",
					"integrity": "sha1-5zFTHKLt4n0YgiJCfaF4IdaP9Pw=",
					"requires": {
						"ms": "2.0.0"
					}
				}
			}
		},
		"forwarded": {
			"version": "0.1.0",
			"resolved": "https://registry.npmjs.org/forwarded/-/forwarded-0.1.0.tgz",
			"integrity": "sha1-Ge+YdMSuHCl7zweP3mOgm2aoQ2M="
		},
		"fresh": {
			"version": "0.5.0",
			"resolved": "https://registry.npmjs.org/fresh/-/fresh-0.5.0.tgz",
			"integrity": "sha1-9HTKXmqSRtb9jglTz6m5yAWvp44="
		},
		"global": {
			"version": "4.3.2",
			"resolved": "https://registry.npmjs.org/global/-/global-4.3.2.tgz",
			"integrity": "sha1-52mJJopsdMOJCLEwWxD8DjlOnQ8=",
			"requires": {
				"min-document": "2.19.0",
				"process": "0.5.2"
			}
		},
		"history": {
			"version": "4.6.3",
			"resolved": "https://registry.npmjs.org/history/-/history-4.6.3.tgz",
			"integrity": "sha1-bXI6hxLFgda+836MJvSu3G64aWc=",
			"requires": {
				"invariant": "2.2.2",
				"loose-envify": "1.3.1",
				"resolve-pathname": "2.1.0",
				"value-equal": "0.2.1",
				"warning": "3.0.0"
			}
		},
		"hoist-non-react-statics": {
			"version": "1.2.0",
			"resolved": "https://registry.npmjs.org/hoist-non-react-statics/-/hoist-non-react-statics-1.2.0.tgz",
			"integrity": "sha1-qkSM8JhtVcxAdzsXF0t90GbLfPs="
		},
		"http-errors": {
			"version": "1.6.1",
			"resolved": "https://registry.npmjs.org/http-errors/-/http-errors-1.6.1.tgz",
			"integrity": "sha1-X4uO2YrKVFZWv1cplzh/kEpyIlc=",
			"requires": {
				"depd": "1.1.0",
				"inherits": "2.0.3",
				"setprototypeof": "1.0.3",
				"statuses": "1.3.1"
			},
			"dependencies": {
				"depd": {
					"version": "1.1.0",
					"resolved": "https://registry.npmjs.org/depd/-/depd-1.1.0.tgz",
					"integrity": "sha1-4b2Cxqq2ztlluXuIsX7T5SjKGMM="
				}
			}
		},
		"iconv-lite": {
			"version": "0.4.18",
			"resolved": "https://registry.npmjs.org/iconv-lite/-/iconv-lite-0.4.18.tgz",
			"integrity": "sha512-sr1ZQph3UwHTR0XftSbK85OvBbxe/abLGzEnPENCQwmHf7sck8Oyu4ob3LgBxWWxRoM+QszeUyl7jbqapu2TqA=="
		},
		"inherits": {
			"version": "2.0.3",
			"resolved": "https://registry.npmjs.org/inherits/-/inherits-2.0.3.tgz",
			"integrity": "sha1-Yzwsg+PaQqUC9SRmAiSA9CCCYd4="
		},
		"invariant": {
			"version": "2.2.2",
			"resolved": "https://registry.npmjs.org/invariant/-/invariant-2.2.2.tgz",
			"integrity": "sha1-nh9WrArNtr8wMwbzOL47IErmA2A=",
			"requires": {
				"loose-envify": "1.3.1"
			}
		},
		"ipaddr.js": {
			"version": "1.4.0",
			"resolved": "https://registry.npmjs.org/ipaddr.js/-/ipaddr.js-1.4.0.tgz",
			"integrity": "sha1-KWrKh4qCGBbluF0KKFqZvP9FgvA="
		},
		"is-function": {
			"version": "1.0.1",
			"resolved": "https://registry.npmjs.org/is-function/-/is-function-1.0.1.tgz",
			"integrity": "sha1-Es+5i2W1fdPRk6MSH19uL0N2ArU="
		},
		"is-in-browser": {
			"version": "1.1.3",
			"resolved": "https://registry.npmjs.org/is-in-browser/-/is-in-browser-1.1.3.tgz",
			"integrity": "sha1-Vv9NtoOgeMYILrldrX3GLh0E+DU="
		},
		"is-plain-object": {
			"version": "2.0.4",
			"resolved": "https://registry.npmjs.org/is-plain-object/-/is-plain-object-2.0.4.tgz",
			"integrity": "sha512-h5PpgXkWitc38BBMYawTYMWJHFZJVnBquFE57xFpjB8pJFiF6gZ+bU+WyI/yqXiFR5mdLsgYNaPe8uao6Uv9Og==",
			"requires": {
				"isobject": "3.0.1"
			}
		},
		"is-stream": {
			"version": "1.1.0",
			"resolved": "https://registry.npmjs.org/is-stream/-/is-stream-1.1.0.tgz",
			"integrity": "sha1-EtSj3U5o4Lec6428hBc66A2RykQ="
		},
		"isarray": {
			"version": "0.0.1",
			"resolved": "https://registry.npmjs.org/isarray/-/isarray-0.0.1.tgz",
			"integrity": "sha1-ihis/Kmo9Bd+Cav8YDiTmwXR7t8="
		},
		"isobject": {
			"version": "3.0.1",
			"resolved": "https://registry.npmjs.org/isobject/-/isobject-3.0.1.tgz",
			"integrity": "sha1-TkMekrEalzFjaqH5yNHMvP2reN8="
		},
		"isomorphic-fetch": {
			"version": "2.2.1",
			"resolved": "https://registry.npmjs.org/isomorphic-fetch/-/isomorphic-fetch-2.2.1.tgz",
			"integrity": "sha1-YRrhrPFPXoH3KVB0coGf6XM1WKk=",
			"requires": {
				"node-fetch": "1.7.1",
				"whatwg-fetch": "2.0.3"
			}
		},
		"js-tokens": {
			"version": "3.0.2",
			"resolved": "https://registry.npmjs.org/js-tokens/-/js-tokens-3.0.2.tgz",
			"integrity": "sha1-mGbfOVECEw449/mWvOtlRDIJwls="
		},
		"jss": {
			"version": "9.0.0-pre",
			"resolved": "https://registry.npmjs.org/jss/-/jss-9.0.0-pre.tgz",
			"integrity": "sha512-/2ckbJ5H/W8XanJijWivQelWq2MlTaNJaeEZ9kKeQrvCWI9Po6no9xtrkuemF3Cf3O5OIgu0MtK4LdDWMz68Dg==",
			"requires": {
				"is-in-browser": "1.1.3",
				"warning": "3.0.0"
			}
		},
		"jss-camel-case": {
			"version": "5.0.0",
			"resolved": "https://registry.npmjs.org/jss-camel-case/-/jss-camel-case-5.0.0.tgz",
			"integrity": "sha512-vz11ip5EIlGuevtlUo9xIgiuD+it4Ebbb0+Y4o0A4oA8eOWY4aY7ihi/L7WvkQ54xnGOjUvLZ6nm2VYch2ufYg=="
		},
		"jss-compose": {
			"version": "4.0.0",
			"resolved": "https://registry.npmjs.org/jss-compose/-/jss-compose-4.0.0.tgz",
			"integrity": "sha512-VnsEziD2Lwrfwp10wx39FNybRLW5+RX/E2qQAXPAMbS+nHc0Jf2dC6ZiCfn5FaBGrpzLfIZ9MalTJDx4CQoMAQ==",
			"requires": {
				"warning": "3.0.0"
			}
		},
		"jss-default-unit": {
			"version": "7.0.0",
			"resolved": "https://registry.npmjs.org/jss-default-unit/-/jss-default-unit-7.0.0.tgz",
			"integrity": "sha512-U1Oi1h45vFRuISr+g1DQ3Oua7CkNKNs47fTdiT/lHkuBMc6BBDUbPv9IbPPhk9gsEaX45Iy9TX8CAuaHLPCfEA=="
		},
		"jss-expand": {
			"version": "4.0.0",
			"resolved": "https://registry.npmjs.org/jss-expand/-/jss-expand-4.0.0.tgz",
			"integrity": "sha512-NExbqjDoMIt+FyOYk2fxiEBAwIXGpd+QjGo/LlAWwTzn1qqHzLp7MZBk89jB3F/dZUNRIBLQ5VZQh8F/IZNunw=="
		},
		"jss-extend": {
			"version": "5.0.0",
			"resolved": "https://registry.npmjs.org/jss-extend/-/jss-extend-5.0.0.tgz",
			"integrity": "sha512-fUp+9KipbdmzSfTxNHoT3mrFnE7fYn7EyHg3LTUexfpWrwj5Afkwb3iCfYV7GYCpg9OKDsqc18atwjHvSPWWKg==",
			"requires": {
				"warning": "3.0.0"
			}
		},
		"jss-global": {
			"version": "2.0.0",
			"resolved": "https://registry.npmjs.org/jss-global/-/jss-global-2.0.0.tgz",
			"integrity": "sha512-/FSOMp4lF/vg47T/w8kKvL9tu7ka9am8N4izS63W81Qlay9hAq6xe9RxrPxygLpnn4KEb8LNbkKRoUv4SJfQsQ=="
		},
		"jss-nested": {
			"version": "5.0.0",
			"resolved": "https://registry.npmjs.org/jss-nested/-/jss-nested-5.0.0.tgz",
			"integrity": "sha512-9Molau+XVpSc6QEco3EC5yXmzeGMc5ZVII8+qy6jD6bvu6Y9mpfGoJ00LalR/n7xr/LC7Cxgs44UQQlLzumMBg==",
			"requires": {
				"warning": "3.0.0"
			}
		},
		"jss-preset-default": {
			"version": "3.0.0",
			"resolved": "https://registry.npmjs.org/jss-preset-default/-/jss-preset-default-3.0.0.tgz",
			"integrity": "sha512-5wRsHsV89XjnQlUVN5jQfo6gcfcirDJmsMJL52HmWoQlV9SA+jhUtt1w3LjcJHe4e3tX4u/To/x3Btmhi+LZtQ==",
			"requires": {
				"jss-camel-case": "5.0.0",
				"jss-compose": "4.0.0",
				"jss-default-unit": "7.0.0",
				"jss-expand": "4.0.0",
				"jss-extend": "5.0.0",
				"jss-global": "2.0.0",
				"jss-nested": "5.0.0",
				"jss-props-sort": "5.0.0",
				"jss-vendor-prefixer": "6.0.0"
			}
		},
		"jss-props-sort": {
			"version": "5.0.0",
			"resolved": "https://registry.npmjs.org/jss-props-sort/-/jss-props-sort-5.0.0.tgz",
			"integrity": "sha512-xtoVE7BlcPaMN/dzypHPYJn+QiphLPB1skypAOp9zLkOozPbR/x0JVAFdZnd7zqmmjvg+Ma/txjSg0HN/eZsGA=="
		},
		"jss-vendor-prefixer": {
			"version": "6.0.0",
			"resolved": "https://registry.npmjs.org/jss-vendor-prefixer/-/jss-vendor-prefixer-6.0.0.tgz",
			"integrity": "sha512-leqW7B2QLXYsUNR3jsUZP3CkuOYcWXyfF8TSJc4XNxhVCNH7ztK5dcnF8nLoMnxT0w/ajloeJKcch2ty/viCAA==",
			"requires": {
				"css-vendor": "0.3.8"
			}
		},
		"keycode": {
			"version": "2.1.9",
			"resolved": "https://registry.npmjs.org/keycode/-/keycode-2.1.9.tgz",
			"integrity": "sha1-lkojxU5IiUBbSGGlyfBIDUUUHfo="
		},
		"lodash": {
			"version": "4.17.4",
			"resolved": "https://registry.npmjs.org/lodash/-/lodash-4.17.4.tgz",
			"integrity": "sha1-eCA6TRwyiuHYbcpkYONptX9AVa4="
		},
		"lodash-es": {
			"version": "4.17.4",
			"resolved": "https://registry.npmjs.org/lodash-es/-/lodash-es-4.17.4.tgz",
			"integrity": "sha1-3MHXVS4VCgZABzupyzHXDwMpUOc="
		},
		"loose-envify": {
			"version": "1.3.1",
			"resolved": "https://registry.npmjs.org/loose-envify/-/loose-envify-1.3.1.tgz",
			"integrity": "sha1-0aitM/qc4OcT1l/dCsi3SNR4yEg=",
			"requires": {
				"js-tokens": "3.0.2"
			}
		},
		"material-ui": {
			"version": "1.0.0-beta.4",
			"resolved": "https://registry.npmjs.org/material-ui/-/material-ui-1.0.0-beta.4.tgz",
			"integrity": "sha1-ELYIOaMLkO/eYhw6ZMAGqFIE734=",
			"requires": {
				"babel-runtime": "6.25.0",
				"brcast": "2.0.2",
				"classnames": "2.2.5",
				"deepmerge": "1.5.0",
				"dom-helpers": "3.2.1",
				"hoist-non-react-statics": "1.2.0",
				"jss": "8.1.0",
				"jss-preset-default": "3.0.0",
				"keycode": "2.1.9",
				"lodash": "4.17.4",
				"prop-types": "15.5.10",
				"react-event-listener": "0.4.5",
				"react-jss": "7.0.2",
				"react-scrollbar-size": "2.0.0",
				"react-transition-group": "2.2.0",
				"recompose": "0.24.0",
				"scroll": "2.0.0",
				"warning": "3.0.0"
			},
			"dependencies": {
				"jss": {
					"version": "8.1.0",
					"resolved": "https://registry.npmjs.org/jss/-/jss-8.1.0.tgz",
					"integrity": "sha512-NZ4CNAoPaPlM2rqHxPG5uGQbQEFZ9n1PITn0+wGIdAk2ZtA/F6el0SphLHf8So1Sx6N34hnVFFIuc32/hdsEzw==",
					"requires": {
						"is-in-browser": "1.1.3",
						"warning": "3.0.0"
					}
				}
			}
		},
		"material-ui-icons": {
			"version": "1.0.0-alpha.19",
			"resolved": "https://registry.npmjs.org/material-ui-icons/-/material-ui-icons-1.0.0-alpha.19.tgz",
			"integrity": "sha1-psXbh74zW7xIMYnFaATWgbfqa1Q=",
			"requires": {
				"recompose": "0.23.5"
			},
			"dependencies": {
				"recompose": {
					"version": "0.23.5",
					"resolved": "https://registry.npmjs.org/recompose/-/recompose-0.23.5.tgz",
					"integrity": "sha1-cqyCYSRr7DeCNdGHRn0CpyHosd4=",
					"requires": {
						"change-emitter": "0.1.6",
						"fbjs": "0.8.14",
						"hoist-non-react-statics": "1.2.0",
						"symbol-observable": "1.0.4"
					}
				}
			}
		},
		"media-typer": {
			"version": "0.3.0",
			"resolved": "https://registry.npmjs.org/media-typer/-/media-typer-0.3.0.tgz",
			"integrity": "sha1-hxDXrwqmJvj/+hzgAWhUUmMlV0g="
		},
		"merge-descriptors": {
			"version": "1.0.1",
			"resolved": "https://registry.npmjs.org/merge-descriptors/-/merge-descriptors-1.0.1.tgz",
			"integrity": "sha1-sAqqVW3YtEVoFQ7J0blT8/kMu2E="
		},
		"methods": {
			"version": "1.1.2",
			"resolved": "https://registry.npmjs.org/methods/-/methods-1.1.2.tgz",
			"integrity": "sha1-VSmk1nZUE07cxSZmVoNbD4Ua/O4="
		},
		"mime": {
			"version": "1.3.4",
			"resolved": "https://registry.npmjs.org/mime/-/mime-1.3.4.tgz",
			"integrity": "sha1-EV+eO2s9rylZmDyzjxSaLUDrXVM="
		},
		"mime-db": {
			"version": "1.29.0",
			"resolved": "https://registry.npmjs.org/mime-db/-/mime-db-1.29.0.tgz",
			"integrity": "sha1-SNJtI1WJZRcErFkWygYAGRQmaHg="
		},
		"mime-types": {
			"version": "2.1.16",
			"resolved": "https://registry.npmjs.org/mime-types/-/mime-types-2.1.16.tgz",
			"integrity": "sha1-K4WKUuXs1RbbiXrCvodIeDBpjiM=",
			"requires": {
				"mime-db": "1.29.0"
			}
		},
		"min-document": {
			"version": "2.19.0",
			"resolved": "https://registry.npmjs.org/min-document/-/min-document-2.19.0.tgz",
			"integrity": "sha1-e9KC4/WELtKVu3SM3Z8f+iyCRoU=",
			"requires": {
				"dom-walk": "0.1.1"
			}
		},
		"moment": {
			"version": "2.18.1",
			"resolved": "https://registry.npmjs.org/moment/-/moment-2.18.1.tgz",
			"integrity": "sha1-w2GT3Tzhwu7SrbfIAtu8d6gbHA8="
		},
		"ms": {
			"version": "2.0.0",
			"resolved": "https://registry.npmjs.org/ms/-/ms-2.0.0.tgz",
			"integrity": "sha1-VgiurfwAvmwpAd9fmGF4jeDVl8g="
		},
		"negotiator": {
			"version": "0.6.1",
			"resolved": "https://registry.npmjs.org/negotiator/-/negotiator-0.6.1.tgz",
			"integrity": "sha1-KzJxhOiZIQEXeyhWP7XnECrNDKk="
		},
		"node-fetch": {
			"version": "1.7.1",
			"resolved": "https://registry.npmjs.org/node-fetch/-/node-fetch-1.7.1.tgz",
			"integrity": "sha512-j8XsFGCLw79vWXkZtMSmmLaOk9z5SQ9bV/tkbZVCqvgwzrjAGq66igobLofHtF63NvMTp2WjytpsNTGKa+XRIQ==",
			"requires": {
				"encoding": "0.1.12",
				"is-stream": "1.1.0"
			}
		},
		"object-assign": {
			"version": "4.1.1",
			"resolved": "https://registry.npmjs.org/object-assign/-/object-assign-4.1.1.tgz",
			"integrity": "sha1-IQmtx5ZYh8/AXLvUQsrIv7s2CGM="
		},
		"on-finished": {
			"version": "2.3.0",
			"resolved": "https://registry.npmjs.org/on-finished/-/on-finished-2.3.0.tgz",
			"integrity": "sha1-IPEzZIGwg811M3mSoWlxqi2QaUc=",
			"requires": {
				"ee-first": "1.1.1"
			}
		},
		"parseurl": {
			"version": "1.3.1",
			"resolved": "https://registry.npmjs.org/parseurl/-/parseurl-1.3.1.tgz",
			"integrity": "sha1-yKuMkiO6NIiKpkopeyiFO+wY2lY="
		},
		"path-to-regexp": {
			"version": "0.1.7",
			"resolved": "https://registry.npmjs.org/path-to-regexp/-/path-to-regexp-0.1.7.tgz",
			"integrity": "sha1-32BBeABfUi8V60SQ5yR6G/qmf4w="
		},
		"process": {
			"version": "0.5.2",
			"resolved": "https://registry.npmjs.org/process/-/process-0.5.2.tgz",
			"integrity": "sha1-FjjYqONML0QKkduVq5rrZ3/Bhc8="
		},
		"promise": {
			"version": "7.3.1",
			"resolved": "https://registry.npmjs.org/promise/-/promise-7.3.1.tgz",
			"integrity": "sha512-nolQXZ/4L+bP/UGlkfaIujX9BKxGwmQ9OT4mOt5yvy8iK1h3wqTEJCijzGANTCCl9nWjY41juyAn2K3Q1hLLTg==",
			"requires": {
				"asap": "2.0.6"
			}
		},
		"prop-types": {
			"version": "15.5.10",
			"resolved": "https://registry.npmjs.org/prop-types/-/prop-types-15.5.10.tgz",
			"integrity": "sha1-J5ffwxJhguOpXj37suiT3ddFYVQ=",
			"requires": {
				"fbjs": "0.8.14",
				"loose-envify": "1.3.1"
			}
		},
		"proxy-addr": {
			"version": "1.1.5",
			"resolved": "https://registry.npmjs.org/proxy-addr/-/proxy-addr-1.1.5.tgz",
			"integrity": "sha1-ccDuOxAt4/IC87ZPYI0XP8uhqRg=",
			"requires": {
				"forwarded": "0.1.0",
				"ipaddr.js": "1.4.0"
			}
		},
		"qs": {
			"version": "6.4.0",
			"resolved": "https://registry.npmjs.org/qs/-/qs-6.4.0.tgz",
			"integrity": "sha1-E+JtKK1rD/qpExLNO/cI7TUecjM="
		},
		"rafl": {
			"version": "1.2.2",
			"resolved": "https://registry.npmjs.org/rafl/-/rafl-1.2.2.tgz",
			"integrity": "sha1-/pMPdYIRAg1H44gV9Rlqi+QVB0A=",
			"requires": {
				"global": "4.3.2"
			}
		},
		"range-parser": {
			"version": "1.2.0",
			"resolved": "https://registry.npmjs.org/range-parser/-/range-parser-1.2.0.tgz",
			"integrity": "sha1-9JvmtIeJTdxA3MlKMi9hEJLgDV4="
		},
		"react": {
			"version": "15.6.1",
			"resolved": "https://registry.npmjs.org/react/-/react-15.6.1.tgz",
			"integrity": "sha1-uqhDTsZ4C96ZfNw4C3nNM7ljk98=",
			"requires": {
				"create-react-class": "15.6.0",
				"fbjs": "0.8.14",
				"loose-envify": "1.3.1",
				"object-assign": "4.1.1",
				"prop-types": "15.5.10"
			}
		},
		"react-dom": {
			"version": "15.6.1",
			"resolved": "https://registry.npmjs.org/react-dom/-/react-dom-15.6.1.tgz",
			"integrity": "sha1-LLDtQZEDjlPCCes6eaI+Kkz5lHA=",
			"requires": {
				"fbjs": "0.8.14",
				"loose-envify": "1.3.1",
				"object-assign": "4.1.1",
				"prop-types": "15.5.10"
			}
		},
		"react-event-listener": {
			"version": "0.4.5",
			"resolved": "https://registry.npmjs.org/react-event-listener/-/react-event-listener-0.4.5.tgz",
			"integrity": "sha1-4+iVoJcM8U7o+JAROvaBl6vz0LE=",
			"requires": {
				"babel-runtime": "6.25.0",
				"fbjs": "0.8.14",
				"prop-types": "15.5.10",
				"warning": "3.0.0"
			}
		},
		"react-jss": {
			"version": "7.0.2",
			"resolved": "https://registry.npmjs.org/react-jss/-/react-jss-7.0.2.tgz",
			"integrity": "sha512-jrRsiupOwX57L8NRPZPTXCJXZNceV4A25zNHWzYPWTCSCV9HCXvxbHecTR83t/0sqBsBt3ClF26QbEUTlTTVfg==",
			"requires": {
				"hoist-non-react-statics": "1.2.0",
				"jss": "8.1.0",
				"jss-preset-default": "3.0.0",
				"prop-types": "15.5.10",
				"theming": "1.1.0"
			},
			"dependencies": {
				"jss": {
					"version": "8.1.0",
					"resolved": "https://registry.npmjs.org/jss/-/jss-8.1.0.tgz",
					"integrity": "sha512-NZ4CNAoPaPlM2rqHxPG5uGQbQEFZ9n1PITn0+wGIdAk2ZtA/F6el0SphLHf8So1Sx6N34hnVFFIuc32/hdsEzw==",
					"requires": {
						"is-in-browser": "1.1.3",
						"warning": "3.0.0"
					}
				}
			}
		},
		"react-redux": {
			"version": "5.0.5",
			"resolved": "https://registry.npmjs.org/react-redux/-/react-redux-5.0.5.tgz",
			"integrity": "sha1-+OjHsjlCJXblLWt9sGQ5RpvphGo=",
			"requires": {
				"create-react-class": "15.6.0",
				"hoist-non-react-statics": "1.2.0",
				"invariant": "2.2.2",
				"lodash": "4.17.4",
				"lodash-es": "4.17.4",
				"loose-envify": "1.3.1",
				"prop-types": "15.5.10"
			}
		},
		"react-router": {
			"version": "4.1.2",
			"resolved": "https://registry.npmjs.org/react-router/-/react-router-4.1.2.tgz",
			"integrity": "sha512-VyM87OP+GkijVkkOXJw39A9fKtFelLoZYYDxtELhpZefjYatxI2SUxZcImo/9Tv52rR9UnNJBPSBpVRQMdvi8A==",
			"requires": {
				"history": "4.6.3",
				"hoist-non-react-statics": "1.2.0",
				"invariant": "2.2.2",
				"loose-envify": "1.3.1",
				"path-to-regexp": "1.7.0",
				"prop-types": "15.5.10",
				"warning": "3.0.0"
			},
			"dependencies": {
				"path-to-regexp": {
					"version": "1.7.0",
					"resolved": "https://registry.npmjs.org/path-to-regexp/-/path-to-regexp-1.7.0.tgz",
					"integrity": "sha1-Wf3g9DW62suhA6hOnTvGTpa5k30=",
					"requires": {
						"isarray": "0.0.1"
					}
				}
			}
		},
		"react-router-dom": {
			"version": "4.1.2",
			"resolved": "https://registry.npmjs.org/react-router-dom/-/react-router-dom-4.1.2.tgz",
			"integrity": "sha512-CU6pFlpfvIj/xi36rZAbUiN0x39241q+d5bAfJJLtlEqlM62F3zgyv5aERH9zesmKqyDBBp2kd85rkq9Mo/iNQ==",
			"requires": {
				"history": "4.6.3",
				"loose-envify": "1.3.1",
				"prop-types": "15.5.10",
				"react-router": "4.1.2"
			}
		},
		"react-scrollbar-size": {
			"version": "2.0.0",
			"resolved": "https://registry.npmjs.org/react-scrollbar-size/-/react-scrollbar-size-2.0.0.tgz",
			"integrity": "sha1-YRIV9BBdso8fVsys5ifD/OE3ovM=",
			"requires": {
				"babel-runtime": "6.25.0",
				"prop-types": "15.5.10",
				"react-event-listener": "0.4.5"
			}
		},
		"react-transition-group": {
			"version": "2.2.0",
			"resolved": "https://registry.npmjs.org/react-transition-group/-/react-transition-group-2.2.0.tgz",
			"integrity": "sha1-eTv4yxW/6RsxAbJLzhwdKJFllXU=",
			"requires": {
				"chain-function": "1.0.0",
				"classnames": "2.2.5",
				"dom-helpers": "3.2.1",
				"loose-envify": "1.3.1",
				"prop-types": "15.5.10",
				"warning": "3.0.0"
			}
		},
		"recompose": {
			"version": "0.24.0",
			"resolved": "https://registry.npmjs.org/recompose/-/recompose-0.24.0.tgz",
			"integrity": "sha512-7+UVym5Mfks/ukIDfcAiasrY61YGki8uIs4CmLTGU7UV2lm2ObbhOl913WrlsZKu8x8uA/sLJUOI5hxVga0dIA==",
			"requires": {
				"change-emitter": "0.1.6",
				"fbjs": "0.8.14",
				"hoist-non-react-statics": "1.2.0",
				"symbol-observable": "1.0.4"
			}
		},
		"reduce-reducers": {
			"version": "0.1.2",
			"resolved": "https://registry.npmjs.org/reduce-reducers/-/reduce-reducers-0.1.2.tgz",
			"integrity": "sha1-+htHGLxSkqcd3R5dg5yb6pdw8Us="
		},
		"redux": {
			"version": "3.7.2",
			"resolved": "https://registry.npmjs.org/redux/-/redux-3.7.2.tgz",
			"integrity": "sha512-pNqnf9q1hI5HHZRBkj3bAngGZW/JMCmexDlOxw4XagXY2o1327nHH54LoTjiPJ0gizoqPDRqWyX/00g0hD6w+A==",
			"requires": {
				"lodash": "4.17.4",
				"lodash-es": "4.17.4",
				"loose-envify": "1.3.1",
				"symbol-observable": "1.0.4"
			}
		},
		"redux-actions": {
			"version": "2.2.1",
			"resolved": "https://registry.npmjs.org/redux-actions/-/redux-actions-2.2.1.tgz",
			"integrity": "sha1-1kGGslZJoTwFR4VH1811N7iSQQ0=",
			"requires": {
				"invariant": "2.2.2",
				"lodash": "4.17.4",
				"lodash-es": "4.17.4",
				"reduce-reducers": "0.1.2"
			}
		},
		"redux-devtools-extension": {
			"version": "2.13.2",
			"resolved": "https://registry.npmjs.org/redux-devtools-extension/-/redux-devtools-extension-2.13.2.tgz",
			"integrity": "sha1-4Pmo6N/KfBe+kscSSVijuU6ykR0="
		},
		"redux-logger": {
			"version": "3.0.6",
			"resolved": "https://registry.npmjs.org/redux-logger/-/redux-logger-3.0.6.tgz",
			"integrity": "sha1-91VZZvMJjzyIYExEnPC69XeCdL8=",
			"requires": {
				"deep-diff": "0.3.8"
			}
		},
		"redux-saga": {
			"version": "0.15.6",
			"resolved": "https://registry.npmjs.org/redux-saga/-/redux-saga-0.15.6.tgz",
			"integrity": "sha1-hjjcUi3mxsCklv6LK1RmKHrC3E0="
		},
		"redux-thunk": {
			"version": "2.2.0",
			"resolved": "https://registry.npmjs.org/redux-thunk/-/redux-thunk-2.2.0.tgz",
			"integrity": "sha1-5hWhbha0ehmlFXZhM9Hj6Zt4UuU="
		},
		"regenerator-runtime": {
			"version": "0.10.5",
			"resolved": "https://registry.npmjs.org/regenerator-runtime/-/regenerator-runtime-0.10.5.tgz",
			"integrity": "sha1-M2w+/BIgrc7dosn6tntaeVWjNlg="
		},
		"reselect": {
			"version": "3.0.1",
			"resolved": "https://registry.npmjs.org/reselect/-/reselect-3.0.1.tgz",
			"integrity": "sha1-79qpjqdFEyTQkrKyFjpqHXqaIUc="
		},
		"resolve-pathname": {
			"version": "2.1.0",
			"resolved": "https://registry.npmjs.org/resolve-pathname/-/resolve-pathname-2.1.0.tgz",
			"integrity": "sha1-6DWIAbhrg7F1YNTjw4LXrvIQCUQ="
		},
		"scroll": {
			"version": "2.0.0",
			"resolved": "https://registry.npmjs.org/scroll/-/scroll-2.0.0.tgz",
			"integrity": "sha1-Vcug2E64RdmP41eagB5XIqajqB8=",
			"requires": {
				"rafl": "1.2.2"
			}
		},
		"send": {
			"version": "0.15.3",
			"resolved": "https://registry.npmjs.org/send/-/send-0.15.3.tgz",
			"integrity": "sha1-UBP5+ZAj31DRvZiSwZ4979HVMwk=",
			"requires": {
				"debug": "2.6.7",
				"depd": "1.1.1",
				"destroy": "1.0.4",
				"encodeurl": "1.0.1",
				"escape-html": "1.0.3",
				"etag": "1.8.0",
				"fresh": "0.5.0",
				"http-errors": "1.6.1",
				"mime": "1.3.4",
				"ms": "2.0.0",
				"on-finished": "2.3.0",
				"range-parser": "1.2.0",
				"statuses": "1.3.1"
			}
		},
		"serve-static": {
			"version": "1.12.3",
			"resolved": "https://registry.npmjs.org/serve-static/-/serve-static-1.12.3.tgz",
			"integrity": "sha1-n0uhni8wMMVH+K+ZEHg47DjVseI=",
			"requires": {
				"encodeurl": "1.0.1",
				"escape-html": "1.0.3",
				"parseurl": "1.3.1",
				"send": "0.15.3"
			}
		},
		"setimmediate": {
			"version": "1.0.5",
			"resolved": "https://registry.npmjs.org/setimmediate/-/setimmediate-1.0.5.tgz",
			"integrity": "sha1-KQy7Iy4waULX1+qbg3Mqt4VvgoU="
		},
		"setprototypeof": {
			"version": "1.0.3",
			"resolved": "https://registry.npmjs.org/setprototypeof/-/setprototypeof-1.0.3.tgz",
			"integrity": "sha1-ZlZ+NwQ+608E2RvWWMDL77VbjgQ="
		},
		"statuses": {
			"version": "1.3.1",
			"resolved": "https://registry.npmjs.org/statuses/-/statuses-1.3.1.tgz",
			"integrity": "sha1-+vUbnrdKrvOzrPStX2Gr8ky3uT4="
		},
		"symbol-observable": {
			"version": "1.0.4",
			"resolved": "https://registry.npmjs.org/symbol-observable/-/symbol-observable-1.0.4.tgz",
			"integrity": "sha1-Kb9hXUqnEhvdiYsi1LP5vE4qoD0="
		},
		"theming": {
			"version": "1.1.0",
			"resolved": "https://registry.npmjs.org/theming/-/theming-1.1.0.tgz",
			"integrity": "sha512-YRhQV+eqeuef70eqfMGKGR+3DBXoWJ4lsrSSuj8dzrv0/EsnVuDmZAjIifESvJARtuP1KbMpdl8qbXdLAz4t/w==",
			"requires": {
				"brcast": "2.0.2",
				"is-function": "1.0.1",
				"is-plain-object": "2.0.4",
				"prop-types": "15.5.10",
				"react": "15.6.1"
			},
			"dependencies": {
				"react": {
					"version": "15.6.1",
					"resolved": "https://registry.npmjs.org/react/-/react-15.6.1.tgz",
					"integrity": "sha1-uqhDTsZ4C96ZfNw4C3nNM7ljk98=",
					"requires": {
						"create-react-class": "15.6.0",
						"fbjs": "0.8.14",
						"loose-envify": "1.3.1",
						"object-assign": "4.1.1",
						"prop-types": "15.5.10"
					}
				}
			}
		},
		"type-is": {
			"version": "1.6.15",
			"resolved": "https://registry.npmjs.org/type-is/-/type-is-1.6.15.tgz",
			"integrity": "sha1-yrEPtJCeRByChC6v4a1kbIGARBA=",
			"requires": {
				"media-typer": "0.3.0",
				"mime-types": "2.1.16"
			}
		},
		"ua-parser-js": {
			"version": "0.7.14",
			"resolved": "https://registry.npmjs.org/ua-parser-js/-/ua-parser-js-0.7.14.tgz",
			"integrity": "sha1-EQ1T+kw/MmwSEpK76skE0uAzh8o="
		},
		"unpipe": {
			"version": "1.0.0",
			"resolved": "https://registry.npmjs.org/unpipe/-/unpipe-1.0.0.tgz",
			"integrity": "sha1-sr9O6FFKrmFltIF4KdIbLvSZBOw="
		},
		"utils-merge": {
			"version": "1.0.0",
			"resolved": "https://registry.npmjs.org/utils-merge/-/utils-merge-1.0.0.tgz",
			"integrity": "sha1-ApT7kiu5N1FTVBxPcJYjHyh8ivg="
		},
		"value-equal": {
			"version": "0.2.1",
			"resolved": "https://registry.npmjs.org/value-equal/-/value-equal-0.2.1.tgz",
			"integrity": "sha1-wiCjBDYfzmmU277ao8fhobiVhx0="
		},
		"vary": {
			"version": "1.1.1",
			"resolved": "https://registry.npmjs.org/vary/-/vary-1.1.1.tgz",
			"integrity": "sha1-Z1Neu2lMHVIldFeYRmUyP1h+jTc="
		},
		"warning": {
			"version": "3.0.0",
			"resolved": "https://registry.npmjs.org/warning/-/warning-3.0.0.tgz",
			"integrity": "sha1-MuU3fLVy3kqwR1O9+IIcAe1gW3w=",
			"requires": {
				"loose-envify": "1.3.1"
			}
		},
		"whatwg-fetch": {
			"version": "2.0.3",
			"resolved": "https://registry.npmjs.org/whatwg-fetch/-/whatwg-fetch-2.0.3.tgz",
			"integrity": "sha1-nITsLc9oGH/wC8ZOEnS0QhduHIQ="
		}
	}
}
